
Microsoft Visual Studio Solution File, Format Version 12.00
# Visual Studio Version 17
VisualStudioVersion = 17.7.34018.315
MinimumVisualStudioVersion = 10.0.40219.1
Project("{9A19103F-16F7-4668-BE54-9A1E7A4F7556}") = "XmlSerialization", "XmlSerialization\XmlSerialization.csproj", "{21839946-EFBA-4156-8F2B-C8F707816867}"
EndProject
Project("{FAE04EC0-301F-11D3-BF4B-00C04F79EFBC}") = "Experimental", "Experimental\Experimental.csproj", "{5F320CCF-735C-45FD-AA2A-5B8E004FB4B4}"
EndProject
Global
	GlobalSection(SolutionConfigurationPlatforms) = preSolution
		Debug|Any CPU = Debug|Any CPU
		Release|Any CPU = Release|Any CPU
	EndGlobalSection
	GlobalSection(ProjectConfigurationPlatforms) = postSolution
		{21839946-EFBA-4156-8F2B-C8F707816867}.Debug|Any CPU.ActiveCfg = Debug|Any CPU
		{21839946-EFBA-4156-8F2B-C8F707816867}.Debug|Any CPU.Build.0 = Debug|Any CPU
		{21839946-EFBA-4156-8F2B-C8F707816867}.Release|Any CPU.ActiveCfg = Release|Any CPU
		{21839946-EFBA-4156-8F2B-C8F707816867}.Release|Any CPU.Build.0 = Release|Any CPU
		{5F320CCF-735C-45FD-AA2A-5B8E004FB4B4}.Debug|Any CPU.ActiveCfg = Debug|Any CPU
		{5F320CCF-735C-45FD-AA2A-5B8E004FB4B4}.Debug|Any CPU.Build.0 = Debug|Any CPU
		{5F320CCF-735C-45FD-AA2A-5B8E004FB4B4}.Release|Any CPU.ActiveCfg = Release|Any CPU
		{5F320CCF-735C-45FD-AA2A-5B8E004FB4B4}.Release|Any CPU.Build.0 = Release|Any CPU
	EndGlobalSection
	GlobalSection(SolutionProperties) = preSolution
		HideSolutionNode = FALSE
	EndGlobalSection
	GlobalSection(ExtensibilityGlobals) = postSolution
		SolutionGuid = {B10272C8-C5CC-454D-B7A3-98B69D7A0691}
	EndGlobalSection
EndGlobal
